
Microsoft Visual Studio Solution File, Format Version 12.00
# Visual Studio Version 17
VisualStudioVersion = 17.0.31903.59
MinimumVisualStudioVersion = 10.0.40219.1
Project("{FAE04EC0-301F-11D3-BF4B-00C04F79EFBC}") = "code-generation-t4", "code-generation-t4.csproj", "{19545F0A-931E-4897-ADF6-F3FF24D27A38}"
EndProject
Global
	GlobalSection(SolutionConfigurationPlatforms) = preSolution
		Debug|Any CPU = Debug|Any CPU
		Release|Any CPU = Release|Any CPU
	EndGlobalSection
	GlobalSection(ProjectConfigurationPlatforms) = postSolution
		{19545F0A-931E-4897-ADF6-F3FF24D27A38}.Debug|Any CPU.ActiveCfg = Debug|Any CPU
		{19545F0A-931E-4897-ADF6-F3FF24D27A38}.Debug|Any CPU.Build.0 = Debug|Any CPU
		{19545F0A-931E-4897-ADF6-F3FF24D27A38}.Release|Any CPU.ActiveCfg = Release|Any CPU
		{19545F0A-931E-4897-ADF6-F3FF24D27A38}.Release|Any CPU.Build.0 = Release|Any CPU
	EndGlobalSection
	GlobalSection(SolutionProperties) = preSolution
		HideSolutionNode = FALSE
	EndGlobalSection
	GlobalSection(ExtensibilityGlobals) = postSolution
		SolutionGuid = {961F9E9E-0BC9-480C-8A6D-DFF4349BCA57}
	EndGlobalSection
EndGlobal
