
Microsoft Visual Studio Solution File, Format Version 12.00
# Visual Studio Version 17
VisualStudioVersion = 17.1.32210.238
MinimumVisualStudioVersion = 10.0.40219.1
Project("{FAE04EC0-301F-11D3-BF4B-00C04F79EFBC}") = "vaultapplication-logtomfilesobject-with-serilog", "vaultapplication-logtomfilesobject-with-serilog.csproj", "{15C41E9D-35E8-4904-A1E0-74D5A27829A7}"
EndProject
Global
	GlobalSection(SolutionConfigurationPlatforms) = preSolution
		Debug|Any CPU = Debug|Any CPU
		DebugWithoutDeployment|Any CPU = DebugWithoutDeployment|Any CPU
		Release|Any CPU = Release|Any CPU
	EndGlobalSection
	GlobalSection(ProjectConfigurationPlatforms) = postSolution
		{15C41E9D-35E8-4904-A1E0-74D5A27829A7}.Debug|Any CPU.ActiveCfg = Debug|Any CPU
		{15C41E9D-35E8-4904-A1E0-74D5A27829A7}.Debug|Any CPU.Build.0 = Debug|Any CPU
		{15C41E9D-35E8-4904-A1E0-74D5A27829A7}.DebugWithoutDeployment|Any CPU.ActiveCfg = DebugWithoutDeployment|Any CPU
		{15C41E9D-35E8-4904-A1E0-74D5A27829A7}.DebugWithoutDeployment|Any CPU.Build.0 = DebugWithoutDeployment|Any CPU
		{15C41E9D-35E8-4904-A1E0-74D5A27829A7}.Release|Any CPU.ActiveCfg = Release|Any CPU
		{15C41E9D-35E8-4904-A1E0-74D5A27829A7}.Release|Any CPU.Build.0 = Release|Any CPU
	EndGlobalSection
	GlobalSection(SolutionProperties) = preSolution
		HideSolutionNode = FALSE
	EndGlobalSection
	GlobalSection(ExtensibilityGlobals) = postSolution
		SolutionGuid = {F38B88D8-B4D3-4F12-B311-D33A45B88763}
	EndGlobalSection
EndGlobal
